
Microsoft Visual Studio Solution File, Format Version 12.00
# Visual Studio Version 16
VisualStudioVersion = 16.0.30804.86
MinimumVisualStudioVersion = 10.0.40219.1
Project("{9A19103F-16F7-4668-BE54-9A1E7A4F7556}") = "DltNode.Main", "DltNode.Main\DltNode.Main.csproj", "{B8E636E8-B130-42C2-A2D9-24E95AAB97AA}"
EndProject
Project("{9A19103F-16F7-4668-BE54-9A1E7A4F7556}") = "DltNode.Blockchain", "DltNode.Blockchain\DltNode.Blockchain.csproj", "{15EB2A24-0420-4CB0-9D46-EE8E84534BF1}"
EndProject
Project("{FAE04EC0-301F-11D3-BF4B-00C04F79EFBC}") = "DltNode.Hash", "DltNode.Hash\DltNode.Hash.csproj", "{5E5F9D32-2481-4688-9C9C-0F9D2BCB6C67}"
EndProject
Global
	GlobalSection(SolutionConfigurationPlatforms) = preSolution
		Debug|Any CPU = Debug|Any CPU
		Release|Any CPU = Release|Any CPU
	EndGlobalSection
	GlobalSection(ProjectConfigurationPlatforms) = postSolution
		{B8E636E8-B130-42C2-A2D9-24E95AAB97AA}.Debug|Any CPU.ActiveCfg = Debug|Any CPU
		{B8E636E8-B130-42C2-A2D9-24E95AAB97AA}.Debug|Any CPU.Build.0 = Debug|Any CPU
		{B8E636E8-B130-42C2-A2D9-24E95AAB97AA}.Release|Any CPU.ActiveCfg = Release|Any CPU
		{B8E636E8-B130-42C2-A2D9-24E95AAB97AA}.Release|Any CPU.Build.0 = Release|Any CPU
		{15EB2A24-0420-4CB0-9D46-EE8E84534BF1}.Debug|Any CPU.ActiveCfg = Debug|Any CPU
		{15EB2A24-0420-4CB0-9D46-EE8E84534BF1}.Debug|Any CPU.Build.0 = Debug|Any CPU
		{15EB2A24-0420-4CB0-9D46-EE8E84534BF1}.Release|Any CPU.ActiveCfg = Release|Any CPU
		{15EB2A24-0420-4CB0-9D46-EE8E84534BF1}.Release|Any CPU.Build.0 = Release|Any CPU
		{5E5F9D32-2481-4688-9C9C-0F9D2BCB6C67}.Debug|Any CPU.ActiveCfg = Debug|Any CPU
		{5E5F9D32-2481-4688-9C9C-0F9D2BCB6C67}.Debug|Any CPU.Build.0 = Debug|Any CPU
		{5E5F9D32-2481-4688-9C9C-0F9D2BCB6C67}.Release|Any CPU.ActiveCfg = Release|Any CPU
		{5E5F9D32-2481-4688-9C9C-0F9D2BCB6C67}.Release|Any CPU.Build.0 = Release|Any CPU
	EndGlobalSection
	GlobalSection(SolutionProperties) = preSolution
		HideSolutionNode = FALSE
	EndGlobalSection
	GlobalSection(ExtensibilityGlobals) = postSolution
		SolutionGuid = {1D2BDA6F-3061-4B47-8313-6FEC0663C6B8}
	EndGlobalSection
EndGlobal
